
Microsoft Visual Studio Solution File, Format Version 12.00
# Visual Studio Version 16
VisualStudioVersion = 16.0.30804.86
MinimumVisualStudioVersion = 10.0.40219.1
Project("{FAE04EC0-301F-11D3-BF4B-00C04F79EFBC}") = "pos.Web", "pos.Web\pos.Web.csproj", "{3FC849F1-72B7-4EA2-9B2A-CD56CF30B47F}"
EndProject
Project("{2150E333-8FDC-42A3-9474-1A3956D46DE8}") = "PointOfSale", "PointOfSale", "{E59745ED-1870-4FAB-AA79-8C82182896C9}"
EndProject
Project("{FAE04EC0-301F-11D3-BF4B-00C04F79EFBC}") = "pos.Core", "pos.Core\pos.Core.csproj", "{3CB45EAF-37C0-4654-9432-E0988093D27A}"
EndProject
Project("{FAE04EC0-301F-11D3-BF4B-00C04F79EFBC}") = "domain", "domain\domain.csproj", "{4AEB1753-EFD8-4BD9-A4D7-3F9103D33552}"
EndProject
Project("{2150E333-8FDC-42A3-9474-1A3956D46DE8}") = "common", "common", "{3CEE822E-2D1D-43EE-B289-DFA20EBA87A9}"
EndProject
Global
	GlobalSection(SolutionConfigurationPlatforms) = preSolution
		Debug|Any CPU = Debug|Any CPU
		Release|Any CPU = Release|Any CPU
	EndGlobalSection
	GlobalSection(ProjectConfigurationPlatforms) = postSolution
		{3FC849F1-72B7-4EA2-9B2A-CD56CF30B47F}.Debug|Any CPU.ActiveCfg = Debug|Any CPU
		{3FC849F1-72B7-4EA2-9B2A-CD56CF30B47F}.Debug|Any CPU.Build.0 = Debug|Any CPU
		{3FC849F1-72B7-4EA2-9B2A-CD56CF30B47F}.Release|Any CPU.ActiveCfg = Release|Any CPU
		{3FC849F1-72B7-4EA2-9B2A-CD56CF30B47F}.Release|Any CPU.Build.0 = Release|Any CPU
		{3CB45EAF-37C0-4654-9432-E0988093D27A}.Debug|Any CPU.ActiveCfg = Debug|Any CPU
		{3CB45EAF-37C0-4654-9432-E0988093D27A}.Debug|Any CPU.Build.0 = Debug|Any CPU
		{3CB45EAF-37C0-4654-9432-E0988093D27A}.Release|Any CPU.ActiveCfg = Release|Any CPU
		{3CB45EAF-37C0-4654-9432-E0988093D27A}.Release|Any CPU.Build.0 = Release|Any CPU
		{4AEB1753-EFD8-4BD9-A4D7-3F9103D33552}.Debug|Any CPU.ActiveCfg = Debug|Any CPU
		{4AEB1753-EFD8-4BD9-A4D7-3F9103D33552}.Debug|Any CPU.Build.0 = Debug|Any CPU
		{4AEB1753-EFD8-4BD9-A4D7-3F9103D33552}.Release|Any CPU.ActiveCfg = Release|Any CPU
		{4AEB1753-EFD8-4BD9-A4D7-3F9103D33552}.Release|Any CPU.Build.0 = Release|Any CPU
	EndGlobalSection
	GlobalSection(SolutionProperties) = preSolution
		HideSolutionNode = FALSE
	EndGlobalSection
	GlobalSection(NestedProjects) = preSolution
		{3FC849F1-72B7-4EA2-9B2A-CD56CF30B47F} = {E59745ED-1870-4FAB-AA79-8C82182896C9}
		{3CB45EAF-37C0-4654-9432-E0988093D27A} = {E59745ED-1870-4FAB-AA79-8C82182896C9}
		{4AEB1753-EFD8-4BD9-A4D7-3F9103D33552} = {3CEE822E-2D1D-43EE-B289-DFA20EBA87A9}
	EndGlobalSection
	GlobalSection(ExtensibilityGlobals) = postSolution
		SolutionGuid = {F0B788B5-4141-4274-BD2E-75786335953F}
	EndGlobalSection
EndGlobal
